
Microsoft Visual Studio Solution File, Format Version 12.00
# Visual Studio Version 17
VisualStudioVersion = 17.6.33712.159
MinimumVisualStudioVersion = 10.0.40219.1
Project("{FAE04EC0-301F-11D3-BF4B-00C04F79EFBC}") = "CoffeeShop", "CoffeeShop\CoffeeShop.csproj", "{3EE937F9-33D9-438A-ADE2-8E29343C4FCC}"
EndProject
Global
	GlobalSection(SolutionConfigurationPlatforms) = preSolution
		Debug|Any CPU = Debug|Any CPU
		Release|Any CPU = Release|Any CPU
	EndGlobalSection
	GlobalSection(ProjectConfigurationPlatforms) = postSolution
		{3EE937F9-33D9-438A-ADE2-8E29343C4FCC}.Debug|Any CPU.ActiveCfg = Debug|Any CPU
		{3EE937F9-33D9-438A-ADE2-8E29343C4FCC}.Debug|Any CPU.Build.0 = Debug|Any CPU
		{3EE937F9-33D9-438A-ADE2-8E29343C4FCC}.Release|Any CPU.ActiveCfg = Release|Any CPU
		{3EE937F9-33D9-438A-ADE2-8E29343C4FCC}.Release|Any CPU.Build.0 = Release|Any CPU
	EndGlobalSection
	GlobalSection(SolutionProperties) = preSolution
		HideSolutionNode = FALSE
	EndGlobalSection
	GlobalSection(ExtensibilityGlobals) = postSolution
		SolutionGuid = {41DE3E31-2B29-4A98-A1B2-A466DF7DFE53}
	EndGlobalSection
EndGlobal
